{
  "nodes": {
    "flake-compat": {
      "flake": false,
      "locked": {
        "lastModified": 1751685974,
        "narHash": "sha256-NKw96t+BgHIYzHUjkTK95FqYRVKB8DHpVhefWSz/kTw=",
        "ref": "refs/heads/main",
        "rev": "549f2762aebeff29a2e5ece7a7dc0f955281a1d1",
        "revCount": 92,
        "type": "git",
        "url": "https://git.lix.systems/lix-project/flake-compat.git"
      },
      "original": {
        "type": "git",
        "url": "https://git.lix.systems/lix-project/flake-compat.git"
      }
    },
    "flake-parts": {
      "inputs": {
        "nixpkgs-lib": "nixpkgs-lib"
      },
      "locked": {
        "lastModified": 1765495779,
        "narHash": "sha256-MhA7wmo/7uogLxiewwRRmIax70g6q1U/YemqTGoFHlM=",
        "ref": "refs/heads/main",
        "rev": "5635c32d666a59ec9a55cab87e898889869f7b71",
        "shallow": true,
        "type": "git",
        "url": "https://forgejo.spacetime.technology/nix-mirrors/flake-parts"
      },
      "original": {
        "shallow": true,
        "type": "git",
        "url": "https://forgejo.spacetime.technology/nix-mirrors/flake-parts"
      }
    },
    "flake-utils": {
      "inputs": {
        "systems": [
          "nvf",
          "systems"
        ]
      },
      "locked": {
        "lastModified": 1731533236,
        "narHash": "sha256-l0KFg5HjrsfsO/JpG+r7fRrqm12kzFHyUHqHCVpMMbI=",
        "owner": "numtide",
        "repo": "flake-utils",
        "rev": "11707dc2f618dd54ca8739b309ec4fc024de578b",
        "type": "github"
      },
      "original": {
        "owner": "numtide",
        "repo": "flake-utils",
        "type": "github"
      }
    },
    "home-manager": {
      "inputs": {
        "nixpkgs": [
          "lsp-inputs",
          "nixpkgs"
        ]
      },
      "locked": {
        "lastModified": 1761666354,
        "narHash": "sha256-fHr+tIYBJccNF8QWqgowfRmEAtAMSt1deZIRNKL8A7c=",
        "ref": "refs/heads/master",
        "rev": "ca2ab1d877a24d5a437dad62f56b8b2c02e964e9",
        "shallow": true,
        "type": "git",
        "url": "https://forgejo.spacetime.technology/nix-mirrors/home-manager"
      },
      "original": {
        "shallow": true,
        "type": "git",
        "url": "https://forgejo.spacetime.technology/nix-mirrors/home-manager"
      }
    },
    "lsp-inputs": {
      "inputs": {
        "flake-parts": [
          "flake-parts"
        ],
        "home-manager": "home-manager",
        "nixpkgs": [
          "nixpkgs"
        ],
        "system": [
          "system"
        ]
      },
      "locked": {
        "lastModified": 1761817688,
        "narHash": "sha256-MNrgQeNoxqsSOELg5l8OzrN5GY0IT6q5QgVWgJxGo1w=",
        "ref": "refs/heads/master",
        "rev": "7e66c17168e52463031dc9b5437c6e56a04e2ebd",
        "shallow": true,
        "type": "git",
        "url": "https://forgejo.spacetime.technology/arbel/nix-lsp-inputs"
      },
      "original": {
        "shallow": true,
        "type": "git",
        "url": "https://forgejo.spacetime.technology/arbel/nix-lsp-inputs"
      }
    },
    "microvm": {
      "inputs": {
        "flake-utils": "flake-utils",
        "nixpkgs": [
          "nixpkgs"
        ],
        "spectrum": [
          "spectrum-os"
        ]
      },
      "locked": {
        "lastModified": 1763379275,
        "narHash": "sha256-po61DqUvQaGDtEGfHAcWcC84Q9BfJiSlhlZ9D1JcD6g=",
        "ref": "refs/heads/main",
        "rev": "4df27b0df19a82b07e99ae3d8ce5d01049259417",
        "shallow": true,
        "type": "git",
        "url": "https://forgejo.spacetime.technology/arbel/microvm.nix"
      },
      "original": {
        "shallow": true,
        "type": "git",
        "url": "https://forgejo.spacetime.technology/arbel/microvm.nix"
      }
    },
    "mnw": {
      "locked": {
        "lastModified": 1758834834,
        "narHash": "sha256-Y7IvY4F8vajZyp3WGf+KaiIVwondEkMFkt92Cr9NZmg=",
        "owner": "Gerg-L",
        "repo": "mnw",
        "rev": "cfbc7d1cc832e318d0863a5fc91d940a96034001",
        "type": "github"
      },
      "original": {
        "owner": "Gerg-L",
        "repo": "mnw",
        "type": "github"
      }
    },
    "ndg": {
      "inputs": {
        "nixpkgs": "nixpkgs_2"
      },
      "locked": {
        "lastModified": 1765435293,
        "narHash": "sha256-HRp4g6qBCb8vpJ17s2FacMRXRszM73uBiR56aILMELA=",
        "owner": "feel-co",
        "repo": "ndg",
        "rev": "65bf834b332d5f8b28d95ea14c7974be7c272971",
        "type": "github"
      },
      "original": {
        "owner": "feel-co",
        "repo": "ndg",
        "type": "github"
      }
    },
    "neovim-src": {
      "flake": false,
      "locked": {
        "lastModified": 1765479520,
        "narHash": "sha256-EI1iD5XmxwOkJSXc7Q1xCUIMWT84/1saYZ9ITPsDrzg=",
        "owner": "neovim",
        "repo": "neovim",
        "rev": "054eaf8493cbcf35ad386675fcaa0cc38d6b63e7",
        "type": "github"
      },
      "original": {
        "owner": "neovim",
        "repo": "neovim",
        "type": "github"
      }
    },
    "nixpkgs": {
      "locked": {
        "lastModified": 1765425892,
        "narHash": "sha256-jlQpSkg2sK6IJVzTQBDyRxQZgKADC2HKMRfGCSgNMHo=",
        "ref": "nixpkgs-unstable",
        "rev": "5d6bdbddb4695a62f0d00a3620b37a15275a5093",
        "shallow": true,
        "type": "git",
        "url": "https://forgejo.spacetime.technology/nix-mirrors/nixpkgs"
      },
      "original": {
        "ref": "nixpkgs-unstable",
        "shallow": true,
        "type": "git",
        "url": "https://forgejo.spacetime.technology/nix-mirrors/nixpkgs"
      }
    },
    "nixpkgs-lib": {
      "locked": {
        "lastModified": 1761765539,
        "narHash": "sha256-b0yj6kfvO8ApcSE+QmA6mUfu8IYG6/uU28OFn4PaC8M=",
        "owner": "nix-community",
        "repo": "nixpkgs.lib",
        "rev": "719359f4562934ae99f5443f20aa06c2ffff91fc",
        "type": "github"
      },
      "original": {
        "owner": "nix-community",
        "repo": "nixpkgs.lib",
        "type": "github"
      }
    },
    "nixpkgs_2": {
      "locked": {
        "lastModified": 1764242076,
        "narHash": "sha256-sKoIWfnijJ0+9e4wRvIgm/HgE27bzwQxcEmo2J/gNpI=",
        "owner": "NixOS",
        "repo": "nixpkgs",
        "rev": "2fad6eac6077f03fe109c4d4eb171cf96791faa4",
        "type": "github"
      },
      "original": {
        "owner": "NixOS",
        "ref": "nixos-unstable",
        "repo": "nixpkgs",
        "type": "github"
      }
    },
    "nvf": {
      "inputs": {
        "flake-compat": "flake-compat",
        "flake-parts": [
          "flake-parts"
        ],
        "mnw": "mnw",
        "ndg": "ndg",
        "nixpkgs": [
          "nixpkgs"
        ],
        "systems": "systems"
      },
      "locked": {
        "lastModified": 1765521367,
        "narHash": "sha256-dOYp1A5Ks5fC//+PZMNmoFePSu3aRJWDmVcxJl5QWIA=",
        "ref": "refs/heads/main",
        "rev": "cc985cc3e2c0aa110a22decf8beb3e1709bfbaa0",
        "shallow": true,
        "type": "git",
        "url": "https://forgejo.spacetime.technology/nix-mirrors/nvf"
      },
      "original": {
        "shallow": true,
        "type": "git",
        "url": "https://forgejo.spacetime.technology/nix-mirrors/nvf"
      }
    },
    "nvim-nightly": {
      "inputs": {
        "flake-parts": [
          "flake-parts"
        ],
        "neovim-src": "neovim-src",
        "nixpkgs": [
          "nixpkgs"
        ]
      },
      "locked": {
        "lastModified": 1765497880,
        "narHash": "sha256-Bm3Llrq6vMh8o8kW0v8dCDuiXSpFCLOxXORIedLzOys=",
        "ref": "refs/heads/master",
        "rev": "f8bf621897eb25a97aaf3f53e517e2bd83fbcffa",
        "shallow": true,
        "type": "git",
        "url": "https://forgejo.spacetime.technology/nix-mirrors/neovim-nightly-overlay"
      },
      "original": {
        "shallow": true,
        "type": "git",
        "url": "https://forgejo.spacetime.technology/nix-mirrors/neovim-nightly-overlay"
      }
    },
    "root": {
      "inputs": {
        "flake-parts": "flake-parts",
        "lsp-inputs": "lsp-inputs",
        "microvm": "microvm",
        "nixpkgs": "nixpkgs",
        "nvf": "nvf",
        "nvim-nightly": "nvim-nightly",
        "spectrum-os": "spectrum-os",
        "system": "system"
      }
    },
    "spectrum-os": {
      "flake": false,
      "locked": {
        "lastModified": 1765373274,
        "narHash": "sha256-644S6TMWLmaB35TbTuHM50SSBF1QGN0ItS9Ndy9tDJA=",
        "ref": "refs/heads/main",
        "rev": "e32cdde75ef9ec554c1c40bba7f4a75dcaaa779f",
        "shallow": true,
        "type": "git",
        "url": "https://forgejo.spacetime.technology/mirrors/spectrum-os"
      },
      "original": {
        "shallow": true,
        "type": "git",
        "url": "https://forgejo.spacetime.technology/mirrors/spectrum-os"
      }
    },
    "system": {
      "locked": {
        "lastModified": 1764663594,
        "narHash": "sha256-BfN7cocSfiaR0GKvp8ZddijPmbEXQG+UifNX5Tt6+h8=",
        "ref": "refs/heads/master",
        "rev": "be2db9b2a5321c41a6774185eaabd08e6a7ac425",
        "shallow": true,
        "type": "git",
        "url": "https://forgejo.spacetime.technology/arbel/nix-system"
      },
      "original": {
        "shallow": true,
        "type": "git",
        "url": "https://forgejo.spacetime.technology/arbel/nix-system"
      }
    },
    "systems": {
      "locked": {
        "lastModified": 1681028828,
        "narHash": "sha256-Vy1rq5AaRuLzOxct8nz4T6wlgyUR7zLU309k9mBC768=",
        "owner": "nix-systems",
        "repo": "default",
        "rev": "da67096a3b9bf56a91d16901293e51ba5b49a27e",
        "type": "github"
      },
      "original": {
        "owner": "nix-systems",
        "repo": "default",
        "type": "github"
      }
    }
  },
  "root": "root",
  "version": 7
}
