{
  "nodes": {
    "bookokrat": {
      "inputs": {
        "flake-utils": "flake-utils",
        "nixpkgs": [
          "nixpkgs"
        ]
      },
      "locked": {
        "lastModified": 1777151448,
        "narHash": "sha256-e8kbcZAYUmiFuH/WYdLam/EK8xDKv0q0H+hvZ6NMwJs=",
        "ref": "refs/heads/main",
        "rev": "f5ce9cc0539eab3ea4fb22a39cb04fa934cbfc3d",
        "shallow": true,
        "type": "git",
        "url": "https://forgejo.spacetime.technology/mirrors/bookokrat"
      },
      "original": {
        "shallow": true,
        "type": "git",
        "url": "https://forgejo.spacetime.technology/mirrors/bookokrat"
      }
    },
    "flake-compat": {
      "flake": false,
      "locked": {
        "lastModified": 1751685974,
        "narHash": "sha256-NKw96t+BgHIYzHUjkTK95FqYRVKB8DHpVhefWSz/kTw=",
        "ref": "refs/heads/main",
        "rev": "549f2762aebeff29a2e5ece7a7dc0f955281a1d1",
        "revCount": 92,
        "type": "git",
        "url": "https://git.lix.systems/lix-project/flake-compat.git"
      },
      "original": {
        "type": "git",
        "url": "https://git.lix.systems/lix-project/flake-compat.git"
      }
    },
    "flake-compat_2": {
      "flake": false,
      "locked": {
        "lastModified": 1767039857,
        "narHash": "sha256-vNpUSpF5Nuw8xvDLj2KCwwksIbjua2LZCqhV1LNRDns=",
        "owner": "NixOS",
        "repo": "flake-compat",
        "rev": "5edf11c44bc78a0d334f6334cdaf7d60d732daab",
        "type": "github"
      },
      "original": {
        "owner": "NixOS",
        "repo": "flake-compat",
        "type": "github"
      }
    },
    "flake-parts": {
      "inputs": {
        "nixpkgs-lib": "nixpkgs-lib"
      },
      "locked": {
        "lastModified": 1775087534,
        "narHash": "sha256-91qqW8lhL7TLwgQWijoGBbiD4t7/q75KTi8NxjVmSmA=",
        "ref": "refs/heads/main",
        "rev": "3107b77cd68437b9a76194f0f7f9c55f2329ca5b",
        "shallow": true,
        "type": "git",
        "url": "https://forgejo.spacetime.technology/nix-mirrors/flake-parts"
      },
      "original": {
        "shallow": true,
        "type": "git",
        "url": "https://forgejo.spacetime.technology/nix-mirrors/flake-parts"
      }
    },
    "flake-utils": {
      "inputs": {
        "systems": "systems"
      },
      "locked": {
        "lastModified": 1731533236,
        "narHash": "sha256-l0KFg5HjrsfsO/JpG+r7fRrqm12kzFHyUHqHCVpMMbI=",
        "owner": "numtide",
        "repo": "flake-utils",
        "rev": "11707dc2f618dd54ca8739b309ec4fc024de578b",
        "type": "github"
      },
      "original": {
        "owner": "numtide",
        "repo": "flake-utils",
        "type": "github"
      }
    },
    "flake-utils_2": {
      "inputs": {
        "systems": "systems_2"
      },
      "locked": {
        "lastModified": 1731533236,
        "narHash": "sha256-l0KFg5HjrsfsO/JpG+r7fRrqm12kzFHyUHqHCVpMMbI=",
        "owner": "numtide",
        "repo": "flake-utils",
        "rev": "11707dc2f618dd54ca8739b309ec4fc024de578b",
        "type": "github"
      },
      "original": {
        "owner": "numtide",
        "repo": "flake-utils",
        "type": "github"
      }
    },
    "git-hooks": {
      "inputs": {
        "flake-compat": "flake-compat_2",
        "gitignore": "gitignore",
        "nixpkgs": [
          "rustowl-flake",
          "nixpkgs"
        ]
      },
      "locked": {
        "lastModified": 1776796298,
        "narHash": "sha256-PcRvlWayisPSjd0UcRQbhG8Oqw78AcPE6x872cPRHN8=",
        "owner": "cachix",
        "repo": "git-hooks.nix",
        "rev": "3cfd774b0a530725a077e17354fbdb87ea1c4aad",
        "type": "github"
      },
      "original": {
        "owner": "cachix",
        "repo": "git-hooks.nix",
        "type": "github"
      }
    },
    "gitignore": {
      "inputs": {
        "nixpkgs": [
          "rustowl-flake",
          "git-hooks",
          "nixpkgs"
        ]
      },
      "locked": {
        "lastModified": 1709087332,
        "narHash": "sha256-HG2cCnktfHsKV0s4XW83gU3F57gaTljL9KNSuG6bnQs=",
        "owner": "hercules-ci",
        "repo": "gitignore.nix",
        "rev": "637db329424fd7e46cf4185293b9cc8c88c95394",
        "type": "github"
      },
      "original": {
        "owner": "hercules-ci",
        "repo": "gitignore.nix",
        "type": "github"
      }
    },
    "home-manager": {
      "inputs": {
        "nixpkgs": [
          "lsp-inputs",
          "nixpkgs"
        ]
      },
      "locked": {
        "lastModified": 1761666354,
        "narHash": "sha256-fHr+tIYBJccNF8QWqgowfRmEAtAMSt1deZIRNKL8A7c=",
        "ref": "refs/heads/master",
        "rev": "ca2ab1d877a24d5a437dad62f56b8b2c02e964e9",
        "shallow": true,
        "type": "git",
        "url": "https://forgejo.spacetime.technology/nix-mirrors/home-manager"
      },
      "original": {
        "shallow": true,
        "type": "git",
        "url": "https://forgejo.spacetime.technology/nix-mirrors/home-manager"
      }
    },
    "lsp-inputs": {
      "inputs": {
        "flake-parts": [
          "flake-parts"
        ],
        "home-manager": "home-manager",
        "nixpkgs": [
          "nixpkgs"
        ],
        "system": [
          "system"
        ]
      },
      "locked": {
        "lastModified": 1761817688,
        "narHash": "sha256-MNrgQeNoxqsSOELg5l8OzrN5GY0IT6q5QgVWgJxGo1w=",
        "ref": "refs/heads/master",
        "rev": "7e66c17168e52463031dc9b5437c6e56a04e2ebd",
        "shallow": true,
        "type": "git",
        "url": "https://forgejo.spacetime.technology/arbel/nix-lsp-inputs"
      },
      "original": {
        "shallow": true,
        "type": "git",
        "url": "https://forgejo.spacetime.technology/arbel/nix-lsp-inputs"
      }
    },
    "microvm": {
      "inputs": {
        "flake-utils": "flake-utils_2",
        "nixpkgs": [
          "nixpkgs"
        ],
        "spectrum": [
          "spectrum-os"
        ]
      },
      "locked": {
        "lastModified": 1763379275,
        "narHash": "sha256-po61DqUvQaGDtEGfHAcWcC84Q9BfJiSlhlZ9D1JcD6g=",
        "ref": "refs/heads/main",
        "rev": "4df27b0df19a82b07e99ae3d8ce5d01049259417",
        "shallow": true,
        "type": "git",
        "url": "https://forgejo.spacetime.technology/arbel/microvm.nix"
      },
      "original": {
        "shallow": true,
        "type": "git",
        "url": "https://forgejo.spacetime.technology/arbel/microvm.nix"
      }
    },
    "mnw": {
      "locked": {
        "lastModified": 1776530647,
        "narHash": "sha256-AHM3wNuC5zzGaygnovHqFUI0YJR1Jj7ZgK9D9m7cgMQ=",
        "owner": "Gerg-L",
        "repo": "mnw",
        "rev": "54f7ad6e34f4e44e0260a5140af7726a4792dece",
        "type": "github"
      },
      "original": {
        "owner": "Gerg-L",
        "repo": "mnw",
        "type": "github"
      }
    },
    "ndg": {
      "inputs": {
        "nixpkgs": [
          "nvf",
          "nixpkgs"
        ]
      },
      "locked": {
        "lastModified": 1768214250,
        "narHash": "sha256-hnBZDQWUxJV3KbtvyGW5BKLO/fAwydrxm5WHCWMQTbw=",
        "owner": "feel-co",
        "repo": "ndg",
        "rev": "a6bd3c1ce2668d096e4fdaaa03ad7f03ba1fbca8",
        "type": "github"
      },
      "original": {
        "owner": "feel-co",
        "ref": "refs/tags/v2.6.0",
        "repo": "ndg",
        "type": "github"
      }
    },
    "neovim-src": {
      "flake": false,
      "locked": {
        "lastModified": 1777159037,
        "narHash": "sha256-k6uBXGmfdvpnpAUUY+jlCnz+MK0HURldSAkNGEMWABk=",
        "owner": "neovim",
        "repo": "neovim",
        "rev": "924dbf10b8e3bbc35eff629d12583bc9c944660b",
        "type": "github"
      },
      "original": {
        "owner": "neovim",
        "repo": "neovim",
        "type": "github"
      }
    },
    "nixpkgs": {
      "locked": {
        "lastModified": 1776687826,
        "narHash": "sha256-5R+sjTDG7kjrUafZWyQ5prC/4iiUP6ndQkuC4IA80Rw=",
        "ref": "master",
        "rev": "105c3945ccb1d9db93fcb1d411662001f79f8009",
        "shallow": true,
        "type": "git",
        "url": "https://forgejo.spacetime.technology/nix-mirrors/nixpkgs"
      },
      "original": {
        "ref": "master",
        "shallow": true,
        "type": "git",
        "url": "https://forgejo.spacetime.technology/nix-mirrors/nixpkgs"
      }
    },
    "nixpkgs-lib": {
      "locked": {
        "lastModified": 1774748309,
        "narHash": "sha256-+U7gF3qxzwD5TZuANzZPeJTZRHS29OFQgkQ2kiTJBIQ=",
        "owner": "nix-community",
        "repo": "nixpkgs.lib",
        "rev": "333c4e0545a6da976206c74db8773a1645b5870a",
        "type": "github"
      },
      "original": {
        "owner": "nix-community",
        "repo": "nixpkgs.lib",
        "type": "github"
      }
    },
    "nvf": {
      "inputs": {
        "flake-compat": "flake-compat",
        "flake-parts": [
          "flake-parts"
        ],
        "mnw": "mnw",
        "ndg": "ndg",
        "nixpkgs": [
          "nixpkgs"
        ],
        "systems": "systems_3"
      },
      "locked": {
        "lastModified": 1777672673,
        "narHash": "sha256-Ab3PD5S6bOxf7BY/2hlZkY8/ED/bO4Huu44KECyoSK0=",
        "owner": "arbel-arad",
        "repo": "nvf",
        "rev": "cfbd95b9b6afb52b7af4501305eadc31faddca91",
        "type": "github"
      },
      "original": {
        "owner": "arbel-arad",
        "repo": "nvf",
        "type": "github"
      }
    },
    "nvim-nightly": {
      "inputs": {
        "flake-parts": [
          "flake-parts"
        ],
        "neovim-src": "neovim-src",
        "nixpkgs": [
          "nixpkgs"
        ]
      },
      "locked": {
        "lastModified": 1777162024,
        "narHash": "sha256-D0c1qWtSL49RY5K6cEXf6Bjksbiv5oLRefSwMr9Wh4s=",
        "ref": "refs/heads/master",
        "rev": "2256cb2eecdce4ad75ac9a0320f874b900c00529",
        "shallow": true,
        "type": "git",
        "url": "https://forgejo.spacetime.technology/nix-mirrors/neovim-nightly-overlay"
      },
      "original": {
        "shallow": true,
        "type": "git",
        "url": "https://forgejo.spacetime.technology/nix-mirrors/neovim-nightly-overlay"
      }
    },
    "root": {
      "inputs": {
        "bookokrat": "bookokrat",
        "flake-parts": "flake-parts",
        "lsp-inputs": "lsp-inputs",
        "microvm": "microvm",
        "nixpkgs": "nixpkgs",
        "nvf": "nvf",
        "nvim-nightly": "nvim-nightly",
        "rust-overlay": "rust-overlay",
        "rustowl-flake": "rustowl-flake",
        "spectrum-os": "spectrum-os",
        "system": "system"
      }
    },
    "rust-overlay": {
      "inputs": {
        "nixpkgs": [
          "nixpkgs"
        ]
      },
      "locked": {
        "lastModified": 1777605393,
        "narHash": "sha256-Hjp0VOOHgHcTrX23iVvnfAudPcuCmfkfpQNFwv2v/ks=",
        "ref": "refs/heads/master",
        "rev": "ff88db34cfa486fc4964a6991cab1678d82eee8c",
        "shallow": true,
        "type": "git",
        "url": "https://forgejo.spacetime.technology/nix-mirrors/rust-overlay"
      },
      "original": {
        "shallow": true,
        "type": "git",
        "url": "https://forgejo.spacetime.technology/nix-mirrors/rust-overlay"
      }
    },
    "rust-overlay_2": {
      "inputs": {
        "nixpkgs": [
          "nixpkgs"
        ]
      },
      "locked": {
        "lastModified": 1777519017,
        "narHash": "sha256-TXilQ8MwFFtZs7HSogSI/LJzAS63nicE8iF63iB93WM=",
        "owner": "oxalica",
        "repo": "rust-overlay",
        "rev": "09b556f18dacc39e97a46e0a1cba47af7b3af1d8",
        "type": "github"
      },
      "original": {
        "owner": "oxalica",
        "repo": "rust-overlay",
        "type": "github"
      }
    },
    "rustowl": {
      "flake": false,
      "locked": {
        "lastModified": 1777290787,
        "narHash": "sha256-wVOylZG4tVcyAgiErszyofyay235a37BCYA/WR/Uhxs=",
        "owner": "cordx56",
        "repo": "rustowl",
        "rev": "94bcfa69c6ce35f71f4342cd28d41fc7d9e0b4a3",
        "type": "github"
      },
      "original": {
        "owner": "cordx56",
        "repo": "rustowl",
        "type": "github"
      }
    },
    "rustowl-flake": {
      "inputs": {
        "flake-parts": [
          "flake-parts"
        ],
        "git-hooks": "git-hooks",
        "nixpkgs": [
          "nixpkgs"
        ],
        "rust-overlay": "rust-overlay_2",
        "rustowl": "rustowl"
      },
      "locked": {
        "lastModified": 1777603202,
        "narHash": "sha256-h2S6TVdfX8sq8Q7wH/EpSQTmdJrSUFnu5qUjYbpVdYI=",
        "ref": "refs/heads/main",
        "rev": "e5a13d0f7a77b1100b37c1f63e95eab3489e5031",
        "shallow": true,
        "type": "git",
        "url": "https://forgejo.spacetime.technology/nix-mirrors/rustowl-flake.git"
      },
      "original": {
        "shallow": true,
        "type": "git",
        "url": "https://forgejo.spacetime.technology/nix-mirrors/rustowl-flake.git"
      }
    },
    "spectrum-os": {
      "flake": false,
      "locked": {
        "lastModified": 1775038080,
        "narHash": "sha256-jkm5Vwx/yp7pgTPNfeFYfniJkXfRcxzz+b3d/n3nb8k=",
        "ref": "refs/heads/main",
        "rev": "d4866223074031979495d32a1b193af1c0013a39",
        "shallow": true,
        "type": "git",
        "url": "https://forgejo.spacetime.technology/mirrors/spectrum-os"
      },
      "original": {
        "shallow": true,
        "type": "git",
        "url": "https://forgejo.spacetime.technology/mirrors/spectrum-os"
      }
    },
    "system": {
      "locked": {
        "lastModified": 1764663594,
        "narHash": "sha256-BfN7cocSfiaR0GKvp8ZddijPmbEXQG+UifNX5Tt6+h8=",
        "ref": "refs/heads/master",
        "rev": "be2db9b2a5321c41a6774185eaabd08e6a7ac425",
        "shallow": true,
        "type": "git",
        "url": "https://forgejo.spacetime.technology/arbel/nix-system"
      },
      "original": {
        "shallow": true,
        "type": "git",
        "url": "https://forgejo.spacetime.technology/arbel/nix-system"
      }
    },
    "systems": {
      "locked": {
        "lastModified": 1681028828,
        "narHash": "sha256-Vy1rq5AaRuLzOxct8nz4T6wlgyUR7zLU309k9mBC768=",
        "owner": "nix-systems",
        "repo": "default",
        "rev": "da67096a3b9bf56a91d16901293e51ba5b49a27e",
        "type": "github"
      },
      "original": {
        "owner": "nix-systems",
        "repo": "default",
        "type": "github"
      }
    },
    "systems_2": {
      "locked": {
        "lastModified": 1681028828,
        "narHash": "sha256-Vy1rq5AaRuLzOxct8nz4T6wlgyUR7zLU309k9mBC768=",
        "owner": "nix-systems",
        "repo": "default",
        "rev": "da67096a3b9bf56a91d16901293e51ba5b49a27e",
        "type": "github"
      },
      "original": {
        "owner": "nix-systems",
        "repo": "default",
        "type": "github"
      }
    },
    "systems_3": {
      "locked": {
        "lastModified": 1681028828,
        "narHash": "sha256-Vy1rq5AaRuLzOxct8nz4T6wlgyUR7zLU309k9mBC768=",
        "owner": "nix-systems",
        "repo": "default",
        "rev": "da67096a3b9bf56a91d16901293e51ba5b49a27e",
        "type": "github"
      },
      "original": {
        "owner": "nix-systems",
        "repo": "default",
        "type": "github"
      }
    }
  },
  "root": "root",
  "version": 7
}
